
Microsoft Visual Studio Solution File, Format Version 12.00
# Visual Studio 15
VisualStudioVersion = 15.0.27130.2036
MinimumVisualStudioVersion = 10.0.40219.1
Project("{159641D6-6404-4A2A-AE62-294DE0FE8301}") = "ESFA.DC.Data.LARS.SSIS", "ESFA.DC.Data.LARS.SSIS\ESFA.DC.Data.LARS.SSIS.dtproj", "{73614A7E-2E95-4286-A9E1-13BF7F7C7634}"
EndProject
Global
	GlobalSection(SolutionConfigurationPlatforms) = preSolution
		Development|Default = Development|Default
	EndGlobalSection
	GlobalSection(ProjectConfigurationPlatforms) = postSolution
		{73614A7E-2E95-4286-A9E1-13BF7F7C7634}.Development|Default.ActiveCfg = Development
		{73614A7E-2E95-4286-A9E1-13BF7F7C7634}.Development|Default.Build.0 = Development
	EndGlobalSection
	GlobalSection(SolutionProperties) = preSolution
		HideSolutionNode = FALSE
	EndGlobalSection
	GlobalSection(ExtensibilityGlobals) = postSolution
		SolutionGuid = {547E5E88-BDA1-4619-A77D-098EF8630AA2}
	EndGlobalSection
EndGlobal
